
Microsoft Visual Studio Solution File, Format Version 12.00
# Visual Studio Version 16
VisualStudioVersion = 16.0.29326.143
MinimumVisualStudioVersion = 10.0.40219.1
Project("{9A19103F-16F7-4668-BE54-9A1E7A4F7556}") = "Tax.Data", "Tax.Data\Tax.Data.csproj", "{77C27B5A-B471-4439-A0F9-C334C0367C06}"
EndProject
Project("{9A19103F-16F7-4668-BE54-9A1E7A4F7556}") = "Tax.AppConsole", "Tax.AppConsole\Tax.AppConsole.csproj", "{44395165-D657-41EE-A40B-9CA948569AE6}"
EndProject
Project("{9A19103F-16F7-4668-BE54-9A1E7A4F7556}") = "TaxCalculator.Abstractions", "TaxCalculator.Abstractions\TaxCalculator.Abstractions.csproj", "{CF096018-03FB-42BD-858A-B8272CB6302B}"
EndProject
Project("{9A19103F-16F7-4668-BE54-9A1E7A4F7556}") = "TaxCalculator", "TaxCalculator\TaxCalculator.csproj", "{4290D0E0-FCE3-48AE-AD69-A96439870A12}"
EndProject
Project("{9A19103F-16F7-4668-BE54-9A1E7A4F7556}") = "Tax.Data.Abstractions", "Tax.Data.Abstractions\Tax.Data.Abstractions.csproj", "{8B3ECC01-C4F4-4CF9-AEE2-34252C84894F}"
EndProject
Project("{9A19103F-16F7-4668-BE54-9A1E7A4F7556}") = "Tax.Data.Tests", "Tax.Data.Tests\Tax.Data.Tests.csproj", "{38D1A086-2A5D-4654-B465-04C662DDEA1A}"
EndProject
Project("{9A19103F-16F7-4668-BE54-9A1E7A4F7556}") = "TaxCalculator.Tests", "TaxCalculator.Tests\TaxCalculator.Tests.csproj", "{1A039171-DE86-4DCE-8D47-8626666004E3}"
EndProject
Project("{2150E333-8FDC-42A3-9474-1A3956D46DE8}") = "TaxCalculators", "TaxCalculators", "{3B665A6F-1CE9-48B9-9736-A5C05C49335D}"
EndProject
Project("{2150E333-8FDC-42A3-9474-1A3956D46DE8}") = "Data", "Data", "{782F68B3-D4DB-4AAD-94D0-28DA73B5BBDE}"
EndProject
Project("{2150E333-8FDC-42A3-9474-1A3956D46DE8}") = "TaxCalculators.Tests", "TaxCalculators.Tests", "{6BF8BD0F-9F88-4D41-B1E0-F4E3D84330A3}"
EndProject
Project("{9A19103F-16F7-4668-BE54-9A1E7A4F7556}") = "TaxCalculator.WebApi", "TaxCalculator.WebApi\TaxCalculator.WebApi.csproj", "{19811879-AEFC-4F75-BF52-10CB8471F5CB}"
EndProject
Project("{2150E333-8FDC-42A3-9474-1A3956D46DE8}") = "Tools.Comparison", "Tools.Comparison", "{BF9972ED-AFAC-4E39-9AAD-89F46338CED1}"
EndProject
Project("{9A19103F-16F7-4668-BE54-9A1E7A4F7556}") = "Tax.Tools.Comparison", "Tax.Tools.Comparison\Tax.Tools.Comparison\Tax.Tools.Comparison.csproj", "{7F3959D0-0998-41D0-B362-2A1366CA1270}"
EndProject
Project("{9A19103F-16F7-4668-BE54-9A1E7A4F7556}") = "Tax.Tools.Comparison.Abstractions", "Tax.Tools.Comparison\Tax.Tools.Comparison.Abstractions\Tax.Tools.Comparison.Abstractions.csproj", "{9354F5AC-21E6-4FE9-AF2E-4D80972ACE29}"
EndProject
Project("{9A19103F-16F7-4668-BE54-9A1E7A4F7556}") = "Tax.Tools.Comparison.Tests", "Tax.Tools.Comparison\Tax.Tools.Comparison.Tests\Tax.Tools.Comparison.Tests.csproj", "{71DD068D-41A9-4084-8808-5190BB4D1AC0}"
EndProject
Project("{2150E333-8FDC-42A3-9474-1A3956D46DE8}") = "PensionCalculators", "PensionCalculators", "{4224614A-B5A0-4633-BF49-A485C0E61595}"
EndProject
Project("{9A19103F-16F7-4668-BE54-9A1E7A4F7556}") = "BvgCalculator", "BvgCalculator\BvgCalculator.csproj", "{BEA34185-AC53-406B-8A57-F3E6C8F12636}"
EndProject
Project("{9A19103F-16F7-4668-BE54-9A1E7A4F7556}") = "BvgCalculator.Abstractions", "BvgCalculator.Abstractions\BvgCalculator.Abstractions.csproj", "{CE0A3BC7-0EAC-4004-BDD3-4008C685C8EE}"
EndProject
Project("{9A19103F-16F7-4668-BE54-9A1E7A4F7556}") = "CommonTypes", "CommonTypes\CommonTypes.csproj", "{7432DA0D-73B2-45F8-B6D8-2FF7423DB6BA}"
EndProject
Project("{2150E333-8FDC-42A3-9474-1A3956D46DE8}") = "Common", "Common", "{0F6FD2BA-85B0-4ABA-A3F9-A4F6BE4808B1}"
EndProject
Project("{9A19103F-16F7-4668-BE54-9A1E7A4F7556}") = "CommonUtils", "CommonUtils\CommonUtils.csproj", "{6A4CA971-D78F-48A7-84A0-81B7ADC92AFE}"
EndProject
Project("{2150E333-8FDC-42A3-9474-1A3956D46DE8}") = "Solution Items", "Solution Items", "{C1ED00D3-E701-4E17-9117-1B95EBD423D1}"
	ProjectSection(SolutionItems) = preProject
		.editorconfig = .editorconfig
	EndProjectSection
EndProject
Project("{9A19103F-16F7-4668-BE54-9A1E7A4F7556}") = "BvgCalculator.Tests", "BvgCalculator.Tests\BvgCalculator.Tests.csproj", "{43E1CB25-89F2-4257-B95D-D2CFDA7CA472}"
EndProject
Project("{9A19103F-16F7-4668-BE54-9A1E7A4F7556}") = "BvgCalculator.Integration.Tests", "BvgCalculator.Integration.Tests\BvgCalculator.Integration.Tests.csproj", "{F270AF92-0177-4596-9ECD-BE34A16F916F}"
EndProject
Global
	GlobalSection(SolutionConfigurationPlatforms) = preSolution
		Debug|Any CPU = Debug|Any CPU
		Release|Any CPU = Release|Any CPU
	EndGlobalSection
	GlobalSection(ProjectConfigurationPlatforms) = postSolution
		{77C27B5A-B471-4439-A0F9-C334C0367C06}.Debug|Any CPU.ActiveCfg = Debug|Any CPU
		{77C27B5A-B471-4439-A0F9-C334C0367C06}.Debug|Any CPU.Build.0 = Debug|Any CPU
		{77C27B5A-B471-4439-A0F9-C334C0367C06}.Release|Any CPU.ActiveCfg = Release|Any CPU
		{77C27B5A-B471-4439-A0F9-C334C0367C06}.Release|Any CPU.Build.0 = Release|Any CPU
		{44395165-D657-41EE-A40B-9CA948569AE6}.Debug|Any CPU.ActiveCfg = Debug|Any CPU
		{44395165-D657-41EE-A40B-9CA948569AE6}.Debug|Any CPU.Build.0 = Debug|Any CPU
		{44395165-D657-41EE-A40B-9CA948569AE6}.Release|Any CPU.ActiveCfg = Release|Any CPU
		{44395165-D657-41EE-A40B-9CA948569AE6}.Release|Any CPU.Build.0 = Release|Any CPU
		{CF096018-03FB-42BD-858A-B8272CB6302B}.Debug|Any CPU.ActiveCfg = Debug|Any CPU
		{CF096018-03FB-42BD-858A-B8272CB6302B}.Debug|Any CPU.Build.0 = Debug|Any CPU
		{CF096018-03FB-42BD-858A-B8272CB6302B}.Release|Any CPU.ActiveCfg = Release|Any CPU
		{CF096018-03FB-42BD-858A-B8272CB6302B}.Release|Any CPU.Build.0 = Release|Any CPU
		{4290D0E0-FCE3-48AE-AD69-A96439870A12}.Debug|Any CPU.ActiveCfg = Debug|Any CPU
		{4290D0E0-FCE3-48AE-AD69-A96439870A12}.Debug|Any CPU.Build.0 = Debug|Any CPU
		{4290D0E0-FCE3-48AE-AD69-A96439870A12}.Release|Any CPU.ActiveCfg = Release|Any CPU
		{4290D0E0-FCE3-48AE-AD69-A96439870A12}.Release|Any CPU.Build.0 = Release|Any CPU
		{8B3ECC01-C4F4-4CF9-AEE2-34252C84894F}.Debug|Any CPU.ActiveCfg = Debug|Any CPU
		{8B3ECC01-C4F4-4CF9-AEE2-34252C84894F}.Debug|Any CPU.Build.0 = Debug|Any CPU
		{8B3ECC01-C4F4-4CF9-AEE2-34252C84894F}.Release|Any CPU.ActiveCfg = Release|Any CPU
		{8B3ECC01-C4F4-4CF9-AEE2-34252C84894F}.Release|Any CPU.Build.0 = Release|Any CPU
		{38D1A086-2A5D-4654-B465-04C662DDEA1A}.Debug|Any CPU.ActiveCfg = Debug|Any CPU
		{38D1A086-2A5D-4654-B465-04C662DDEA1A}.Debug|Any CPU.Build.0 = Debug|Any CPU
		{38D1A086-2A5D-4654-B465-04C662DDEA1A}.Release|Any CPU.ActiveCfg = Release|Any CPU
		{38D1A086-2A5D-4654-B465-04C662DDEA1A}.Release|Any CPU.Build.0 = Release|Any CPU
		{1A039171-DE86-4DCE-8D47-8626666004E3}.Debug|Any CPU.ActiveCfg = Debug|Any CPU
		{1A039171-DE86-4DCE-8D47-8626666004E3}.Debug|Any CPU.Build.0 = Debug|Any CPU
		{1A039171-DE86-4DCE-8D47-8626666004E3}.Release|Any CPU.ActiveCfg = Release|Any CPU
		{1A039171-DE86-4DCE-8D47-8626666004E3}.Release|Any CPU.Build.0 = Release|Any CPU
		{19811879-AEFC-4F75-BF52-10CB8471F5CB}.Debug|Any CPU.ActiveCfg = Debug|Any CPU
		{19811879-AEFC-4F75-BF52-10CB8471F5CB}.Debug|Any CPU.Build.0 = Debug|Any CPU
		{19811879-AEFC-4F75-BF52-10CB8471F5CB}.Release|Any CPU.ActiveCfg = Release|Any CPU
		{19811879-AEFC-4F75-BF52-10CB8471F5CB}.Release|Any CPU.Build.0 = Release|Any CPU
		{7F3959D0-0998-41D0-B362-2A1366CA1270}.Debug|Any CPU.ActiveCfg = Debug|Any CPU
		{7F3959D0-0998-41D0-B362-2A1366CA1270}.Debug|Any CPU.Build.0 = Debug|Any CPU
		{7F3959D0-0998-41D0-B362-2A1366CA1270}.Release|Any CPU.ActiveCfg = Release|Any CPU
		{7F3959D0-0998-41D0-B362-2A1366CA1270}.Release|Any CPU.Build.0 = Release|Any CPU
		{9354F5AC-21E6-4FE9-AF2E-4D80972ACE29}.Debug|Any CPU.ActiveCfg = Debug|Any CPU
		{9354F5AC-21E6-4FE9-AF2E-4D80972ACE29}.Debug|Any CPU.Build.0 = Debug|Any CPU
		{9354F5AC-21E6-4FE9-AF2E-4D80972ACE29}.Release|Any CPU.ActiveCfg = Release|Any CPU
		{9354F5AC-21E6-4FE9-AF2E-4D80972ACE29}.Release|Any CPU.Build.0 = Release|Any CPU
		{71DD068D-41A9-4084-8808-5190BB4D1AC0}.Debug|Any CPU.ActiveCfg = Debug|Any CPU
		{71DD068D-41A9-4084-8808-5190BB4D1AC0}.Debug|Any CPU.Build.0 = Debug|Any CPU
		{71DD068D-41A9-4084-8808-5190BB4D1AC0}.Release|Any CPU.ActiveCfg = Release|Any CPU
		{71DD068D-41A9-4084-8808-5190BB4D1AC0}.Release|Any CPU.Build.0 = Release|Any CPU
		{BEA34185-AC53-406B-8A57-F3E6C8F12636}.Debug|Any CPU.ActiveCfg = Debug|Any CPU
		{BEA34185-AC53-406B-8A57-F3E6C8F12636}.Debug|Any CPU.Build.0 = Debug|Any CPU
		{BEA34185-AC53-406B-8A57-F3E6C8F12636}.Release|Any CPU.ActiveCfg = Release|Any CPU
		{BEA34185-AC53-406B-8A57-F3E6C8F12636}.Release|Any CPU.Build.0 = Release|Any CPU
		{CE0A3BC7-0EAC-4004-BDD3-4008C685C8EE}.Debug|Any CPU.ActiveCfg = Debug|Any CPU
		{CE0A3BC7-0EAC-4004-BDD3-4008C685C8EE}.Debug|Any CPU.Build.0 = Debug|Any CPU
		{CE0A3BC7-0EAC-4004-BDD3-4008C685C8EE}.Release|Any CPU.ActiveCfg = Release|Any CPU
		{CE0A3BC7-0EAC-4004-BDD3-4008C685C8EE}.Release|Any CPU.Build.0 = Release|Any CPU
		{7432DA0D-73B2-45F8-B6D8-2FF7423DB6BA}.Debug|Any CPU.ActiveCfg = Debug|Any CPU
		{7432DA0D-73B2-45F8-B6D8-2FF7423DB6BA}.Debug|Any CPU.Build.0 = Debug|Any CPU
		{7432DA0D-73B2-45F8-B6D8-2FF7423DB6BA}.Release|Any CPU.ActiveCfg = Release|Any CPU
		{7432DA0D-73B2-45F8-B6D8-2FF7423DB6BA}.Release|Any CPU.Build.0 = Release|Any CPU
		{6A4CA971-D78F-48A7-84A0-81B7ADC92AFE}.Debug|Any CPU.ActiveCfg = Debug|Any CPU
		{6A4CA971-D78F-48A7-84A0-81B7ADC92AFE}.Debug|Any CPU.Build.0 = Debug|Any CPU
		{6A4CA971-D78F-48A7-84A0-81B7ADC92AFE}.Release|Any CPU.ActiveCfg = Release|Any CPU
		{6A4CA971-D78F-48A7-84A0-81B7ADC92AFE}.Release|Any CPU.Build.0 = Release|Any CPU
		{43E1CB25-89F2-4257-B95D-D2CFDA7CA472}.Debug|Any CPU.ActiveCfg = Debug|Any CPU
		{43E1CB25-89F2-4257-B95D-D2CFDA7CA472}.Debug|Any CPU.Build.0 = Debug|Any CPU
		{43E1CB25-89F2-4257-B95D-D2CFDA7CA472}.Release|Any CPU.ActiveCfg = Release|Any CPU
		{43E1CB25-89F2-4257-B95D-D2CFDA7CA472}.Release|Any CPU.Build.0 = Release|Any CPU
		{F270AF92-0177-4596-9ECD-BE34A16F916F}.Debug|Any CPU.ActiveCfg = Debug|Any CPU
		{F270AF92-0177-4596-9ECD-BE34A16F916F}.Debug|Any CPU.Build.0 = Debug|Any CPU
		{F270AF92-0177-4596-9ECD-BE34A16F916F}.Release|Any CPU.ActiveCfg = Release|Any CPU
		{F270AF92-0177-4596-9ECD-BE34A16F916F}.Release|Any CPU.Build.0 = Release|Any CPU
	EndGlobalSection
	GlobalSection(SolutionProperties) = preSolution
		HideSolutionNode = FALSE
	EndGlobalSection
	GlobalSection(NestedProjects) = preSolution
		{77C27B5A-B471-4439-A0F9-C334C0367C06} = {782F68B3-D4DB-4AAD-94D0-28DA73B5BBDE}
		{CF096018-03FB-42BD-858A-B8272CB6302B} = {3B665A6F-1CE9-48B9-9736-A5C05C49335D}
		{4290D0E0-FCE3-48AE-AD69-A96439870A12} = {3B665A6F-1CE9-48B9-9736-A5C05C49335D}
		{8B3ECC01-C4F4-4CF9-AEE2-34252C84894F} = {782F68B3-D4DB-4AAD-94D0-28DA73B5BBDE}
		{38D1A086-2A5D-4654-B465-04C662DDEA1A} = {6BF8BD0F-9F88-4D41-B1E0-F4E3D84330A3}
		{1A039171-DE86-4DCE-8D47-8626666004E3} = {6BF8BD0F-9F88-4D41-B1E0-F4E3D84330A3}
		{782F68B3-D4DB-4AAD-94D0-28DA73B5BBDE} = {3B665A6F-1CE9-48B9-9736-A5C05C49335D}
		{7F3959D0-0998-41D0-B362-2A1366CA1270} = {BF9972ED-AFAC-4E39-9AAD-89F46338CED1}
		{9354F5AC-21E6-4FE9-AF2E-4D80972ACE29} = {BF9972ED-AFAC-4E39-9AAD-89F46338CED1}
		{71DD068D-41A9-4084-8808-5190BB4D1AC0} = {BF9972ED-AFAC-4E39-9AAD-89F46338CED1}
		{BEA34185-AC53-406B-8A57-F3E6C8F12636} = {4224614A-B5A0-4633-BF49-A485C0E61595}
		{CE0A3BC7-0EAC-4004-BDD3-4008C685C8EE} = {4224614A-B5A0-4633-BF49-A485C0E61595}
		{7432DA0D-73B2-45F8-B6D8-2FF7423DB6BA} = {0F6FD2BA-85B0-4ABA-A3F9-A4F6BE4808B1}
		{6A4CA971-D78F-48A7-84A0-81B7ADC92AFE} = {0F6FD2BA-85B0-4ABA-A3F9-A4F6BE4808B1}
		{43E1CB25-89F2-4257-B95D-D2CFDA7CA472} = {4224614A-B5A0-4633-BF49-A485C0E61595}
		{F270AF92-0177-4596-9ECD-BE34A16F916F} = {4224614A-B5A0-4633-BF49-A485C0E61595}
	EndGlobalSection
	GlobalSection(ExtensibilityGlobals) = postSolution
		SolutionGuid = {AB937E37-4C08-4EB0-86F7-87F74A7F6C44}
	EndGlobalSection
EndGlobal
