
Microsoft Visual Studio Solution File, Format Version 12.00
# Visual Studio Version 17
VisualStudioVersion = 17.0.31919.166
MinimumVisualStudioVersion = 10.0.40219.1
Project("{9A19103F-16F7-4668-BE54-9A1E7A4F7556}") = "Tax.Data.Tests", "Tax.Data.Tests\Tax.Data.Tests.csproj", "{38D1A086-2A5D-4654-B465-04C662DDEA1A}"
EndProject
Project("{9A19103F-16F7-4668-BE54-9A1E7A4F7556}") = "TaxCalculator.Tests", "TaxCalculator.Tests\TaxCalculator.Tests.csproj", "{1A039171-DE86-4DCE-8D47-8626666004E3}"
EndProject
Project("{9A19103F-16F7-4668-BE54-9A1E7A4F7556}") = "TaxCalculator.WebApi", "TaxCalculator.WebApi\TaxCalculator.WebApi.csproj", "{19811879-AEFC-4F75-BF52-10CB8471F5CB}"
EndProject
Project("{2150E333-8FDC-42A3-9474-1A3956D46DE8}") = "Higher Order Calculators", "Higher Order Calculators", "{BF9972ED-AFAC-4E39-9AAD-89F46338CED1}"
EndProject
Project("{9A19103F-16F7-4668-BE54-9A1E7A4F7556}") = "Tax.Tools.Comparison.Tests", "Tax.Tools.Comparison\Tax.Tools.Comparison.Tests\Tax.Tools.Comparison.Tests.csproj", "{71DD068D-41A9-4084-8808-5190BB4D1AC0}"
EndProject
Project("{9A19103F-16F7-4668-BE54-9A1E7A4F7556}") = "CommonTypes", "CommonTypes\CommonTypes.csproj", "{7432DA0D-73B2-45F8-B6D8-2FF7423DB6BA}"
EndProject
Project("{2150E333-8FDC-42A3-9474-1A3956D46DE8}") = "Common", "Common", "{0F6FD2BA-85B0-4ABA-A3F9-A4F6BE4808B1}"
EndProject
Project("{9A19103F-16F7-4668-BE54-9A1E7A4F7556}") = "CommonUtils", "CommonUtils\CommonUtils.csproj", "{6A4CA971-D78F-48A7-84A0-81B7ADC92AFE}"
EndProject
Project("{2150E333-8FDC-42A3-9474-1A3956D46DE8}") = "Solution Items", "Solution Items", "{C1ED00D3-E701-4E17-9117-1B95EBD423D1}"
EndProject
Project("{9A19103F-16F7-4668-BE54-9A1E7A4F7556}") = "BvgCalculator.Tests", "BvgCalculator.Tests\BvgCalculator.Tests.csproj", "{43E1CB25-89F2-4257-B95D-D2CFDA7CA472}"
EndProject
Project("{9A19103F-16F7-4668-BE54-9A1E7A4F7556}") = "BvgCalculator.Integration.Tests", "BvgCalculator.Integration.Tests\BvgCalculator.Integration.Tests.csproj", "{F270AF92-0177-4596-9ECD-BE34A16F916F}"
EndProject
Project("{9A19103F-16F7-4668-BE54-9A1E7A4F7556}") = "PensionVersusCapitalCalculator.Tests", "PensionVersusCapitalCalculator.Tests\PensionVersusCapitalCalculator.Tests.csproj", "{E2D9578A-4597-40A3-8E4F-DCAB03733114}"
EndProject
Project("{9A19103F-16F7-4668-BE54-9A1E7A4F7556}") = "Calculators.CashFlow.Abstractions", "Calculators.Cashflow.Abstractions\Calculators.CashFlow.Abstractions.csproj", "{FF5ECF20-7A50-4950-B911-0D0C9386A008}"
EndProject
Project("{9A19103F-16F7-4668-BE54-9A1E7A4F7556}") = "Calculators.CashFlow", "Calculators.CashFlow\Calculators.CashFlow.csproj", "{6D23DE23-3FBA-4FEF-ABDD-C022F149C355}"
EndProject
Project("{9A19103F-16F7-4668-BE54-9A1E7A4F7556}") = "Calculators.CashFlow.Tests", "Calculators.CashFlow.Tests\Calculators.CashFlow.Tests.csproj", "{A0EF9592-1653-4A8F-BFDB-955BA806B590}"
EndProject
Project("{9A19103F-16F7-4668-BE54-9A1E7A4F7556}") = "BlazorApp", "BlazorApp\BlazorApp.csproj", "{82A13E90-F0A6-4A37-96A9-902D87FDF31A}"
EndProject
Project("{9A19103F-16F7-4668-BE54-9A1E7A4F7556}") = "Calculators.CashFlow.Integration.Tests", "Calculators.CashFlow.Integration.Tests\Calculators.CashFlow.Integration.Tests.csproj", "{55F6BA03-6CBC-4A34-8F33-E83062798441}"
EndProject
Project("{9A19103F-16F7-4668-BE54-9A1E7A4F7556}") = "Tax.Data.Integration.Tests", "Tax.Data.Integration.Tests\Tax.Data.Integration.Tests.csproj", "{0517B781-DC60-44F8-9B98-4C9A4654BDD4}"
EndProject
Project("{9A19103F-16F7-4668-BE54-9A1E7A4F7556}") = "TaxCalculator.Integration.Tests", "TaxCalculator.Integration.Tests\TaxCalculator.Integration.Tests.csproj", "{47C8A4FD-6756-4474-870B-BD6921163C0B}"
EndProject
Project("{9A19103F-16F7-4668-BE54-9A1E7A4F7556}") = "EstvTaxCalculatorFacade.Integration.Tests", "EstvTaxCalculatorFacade.Integration.Tests\EstvTaxCalculatorFacade.Integration.Tests.csproj", "{202EB507-C7AB-49F2-B048-73267E7BBEC2}"
EndProject
Project("{9A19103F-16F7-4668-BE54-9A1E7A4F7556}") = "PostOpenApi.Integration.Tests", "PostOpenApi.Integration.Tests\PostOpenApi.Integration.Tests.csproj", "{B35C3E62-552B-470D-9471-5B823A1B7831}"
EndProject
Project("{9A19103F-16F7-4668-BE54-9A1E7A4F7556}") = "Tax.Tools.Comparison.Domain", "Tax.Tools.Comparison.Domain\Tax.Tools.Comparison.Domain.csproj", "{9617FEB8-2160-4D3A-B157-2D97EF3B2F56}"
EndProject
Project("{2150E333-8FDC-42A3-9474-1A3956D46DE8}") = "Blazor", "Blazor", "{06D69571-67BA-449E-997A-B098419523EC}"
EndProject
Project("{9A19103F-16F7-4668-BE54-9A1E7A4F7556}") = "BlazorApp.Services.Tests", "BlazorApp.Services.Tests\BlazorApp.Services.Tests.csproj", "{D934E764-94AB-412B-93B5-3C2E3A40E898}"
EndProject
Project("{9A19103F-16F7-4668-BE54-9A1E7A4F7556}") = "BlazorApp.Components.Tests", "BlazorApp.Components.Tests\BlazorApp.Components.Tests.csproj", "{D28B965D-73AB-4905-AB37-63AF2CB99567}"
EndProject
Project("{9A19103F-16F7-4668-BE54-9A1E7A4F7556}") = "Domain", "Domain\Domain.csproj", "{4747A117-C17E-4642-9934-2FF3D7CCBEBA}"
EndProject
Project("{9A19103F-16F7-4668-BE54-9A1E7A4F7556}") = "Application", "Application\Application.csproj", "{E4D497A0-3925-43F7-9B5F-A67FA65BABC4}"
EndProject
Project("{9A19103F-16F7-4668-BE54-9A1E7A4F7556}") = "Infrastructure", "Infrastructure\Infrastructure.csproj", "{8BD68C7A-F83A-4D40-A59F-13C1650A05B6}"
EndProject
Project("{2150E333-8FDC-42A3-9474-1A3956D46DE8}") = "Tests", "Tests", "{955F3700-AC87-456C-B645-3F9451EAFA57}"
EndProject
Project("{2150E333-8FDC-42A3-9474-1A3956D46DE8}") = "IntegrationTests", "IntegrationTests", "{5B7A4E65-54D1-4503-A426-DDA771085FC1}"
EndProject
Project("{2150E333-8FDC-42A3-9474-1A3956D46DE8}") = "Infrastructure", "Infrastructure", "{911DCB3B-CEFA-4894-B075-432342C05405}"
EndProject
Project("{2150E333-8FDC-42A3-9474-1A3956D46DE8}") = "Data", "Data", "{318B773B-F7D6-4003-A92A-96E5E97A5C32}"
EndProject
Project("{2150E333-8FDC-42A3-9474-1A3956D46DE8}") = "Tax", "Tax", "{1F650DE4-C5CB-4208-AE86-12C18C0C00F7}"
EndProject
Project("{2150E333-8FDC-42A3-9474-1A3956D46DE8}") = "Application", "Application", "{37254007-E34E-4AC6-B17D-F0FC060F196D}"
EndProject
Project("{2150E333-8FDC-42A3-9474-1A3956D46DE8}") = "UnitTests", "UnitTests", "{73BEA53A-145A-4C04-A615-839C73C97755}"
EndProject
Project("{2150E333-8FDC-42A3-9474-1A3956D46DE8}") = "IntegrationTests", "IntegrationTests", "{48B33FC6-19DD-4237-8524-09D1ED77F692}"
EndProject
Global
	GlobalSection(SolutionConfigurationPlatforms) = preSolution
		Debug|Any CPU = Debug|Any CPU
		Release|Any CPU = Release|Any CPU
	EndGlobalSection
	GlobalSection(ProjectConfigurationPlatforms) = postSolution
		{38D1A086-2A5D-4654-B465-04C662DDEA1A}.Debug|Any CPU.ActiveCfg = Debug|Any CPU
		{38D1A086-2A5D-4654-B465-04C662DDEA1A}.Debug|Any CPU.Build.0 = Debug|Any CPU
		{38D1A086-2A5D-4654-B465-04C662DDEA1A}.Release|Any CPU.ActiveCfg = Release|Any CPU
		{38D1A086-2A5D-4654-B465-04C662DDEA1A}.Release|Any CPU.Build.0 = Release|Any CPU
		{1A039171-DE86-4DCE-8D47-8626666004E3}.Debug|Any CPU.ActiveCfg = Debug|Any CPU
		{1A039171-DE86-4DCE-8D47-8626666004E3}.Debug|Any CPU.Build.0 = Debug|Any CPU
		{1A039171-DE86-4DCE-8D47-8626666004E3}.Release|Any CPU.ActiveCfg = Release|Any CPU
		{1A039171-DE86-4DCE-8D47-8626666004E3}.Release|Any CPU.Build.0 = Release|Any CPU
		{19811879-AEFC-4F75-BF52-10CB8471F5CB}.Debug|Any CPU.ActiveCfg = Debug|Any CPU
		{19811879-AEFC-4F75-BF52-10CB8471F5CB}.Debug|Any CPU.Build.0 = Debug|Any CPU
		{19811879-AEFC-4F75-BF52-10CB8471F5CB}.Release|Any CPU.ActiveCfg = Release|Any CPU
		{19811879-AEFC-4F75-BF52-10CB8471F5CB}.Release|Any CPU.Build.0 = Release|Any CPU
		{71DD068D-41A9-4084-8808-5190BB4D1AC0}.Debug|Any CPU.ActiveCfg = Debug|Any CPU
		{71DD068D-41A9-4084-8808-5190BB4D1AC0}.Debug|Any CPU.Build.0 = Debug|Any CPU
		{71DD068D-41A9-4084-8808-5190BB4D1AC0}.Release|Any CPU.ActiveCfg = Release|Any CPU
		{71DD068D-41A9-4084-8808-5190BB4D1AC0}.Release|Any CPU.Build.0 = Release|Any CPU
		{7432DA0D-73B2-45F8-B6D8-2FF7423DB6BA}.Debug|Any CPU.ActiveCfg = Debug|Any CPU
		{7432DA0D-73B2-45F8-B6D8-2FF7423DB6BA}.Debug|Any CPU.Build.0 = Debug|Any CPU
		{7432DA0D-73B2-45F8-B6D8-2FF7423DB6BA}.Release|Any CPU.ActiveCfg = Release|Any CPU
		{7432DA0D-73B2-45F8-B6D8-2FF7423DB6BA}.Release|Any CPU.Build.0 = Release|Any CPU
		{6A4CA971-D78F-48A7-84A0-81B7ADC92AFE}.Debug|Any CPU.ActiveCfg = Debug|Any CPU
		{6A4CA971-D78F-48A7-84A0-81B7ADC92AFE}.Debug|Any CPU.Build.0 = Debug|Any CPU
		{6A4CA971-D78F-48A7-84A0-81B7ADC92AFE}.Release|Any CPU.ActiveCfg = Release|Any CPU
		{6A4CA971-D78F-48A7-84A0-81B7ADC92AFE}.Release|Any CPU.Build.0 = Release|Any CPU
		{43E1CB25-89F2-4257-B95D-D2CFDA7CA472}.Debug|Any CPU.ActiveCfg = Debug|Any CPU
		{43E1CB25-89F2-4257-B95D-D2CFDA7CA472}.Debug|Any CPU.Build.0 = Debug|Any CPU
		{43E1CB25-89F2-4257-B95D-D2CFDA7CA472}.Release|Any CPU.ActiveCfg = Release|Any CPU
		{43E1CB25-89F2-4257-B95D-D2CFDA7CA472}.Release|Any CPU.Build.0 = Release|Any CPU
		{F270AF92-0177-4596-9ECD-BE34A16F916F}.Debug|Any CPU.ActiveCfg = Debug|Any CPU
		{F270AF92-0177-4596-9ECD-BE34A16F916F}.Debug|Any CPU.Build.0 = Debug|Any CPU
		{F270AF92-0177-4596-9ECD-BE34A16F916F}.Release|Any CPU.ActiveCfg = Release|Any CPU
		{F270AF92-0177-4596-9ECD-BE34A16F916F}.Release|Any CPU.Build.0 = Release|Any CPU
		{E2D9578A-4597-40A3-8E4F-DCAB03733114}.Debug|Any CPU.ActiveCfg = Debug|Any CPU
		{E2D9578A-4597-40A3-8E4F-DCAB03733114}.Debug|Any CPU.Build.0 = Debug|Any CPU
		{E2D9578A-4597-40A3-8E4F-DCAB03733114}.Release|Any CPU.ActiveCfg = Release|Any CPU
		{E2D9578A-4597-40A3-8E4F-DCAB03733114}.Release|Any CPU.Build.0 = Release|Any CPU
		{FF5ECF20-7A50-4950-B911-0D0C9386A008}.Debug|Any CPU.ActiveCfg = Debug|Any CPU
		{FF5ECF20-7A50-4950-B911-0D0C9386A008}.Debug|Any CPU.Build.0 = Debug|Any CPU
		{FF5ECF20-7A50-4950-B911-0D0C9386A008}.Release|Any CPU.ActiveCfg = Release|Any CPU
		{FF5ECF20-7A50-4950-B911-0D0C9386A008}.Release|Any CPU.Build.0 = Release|Any CPU
		{6D23DE23-3FBA-4FEF-ABDD-C022F149C355}.Debug|Any CPU.ActiveCfg = Debug|Any CPU
		{6D23DE23-3FBA-4FEF-ABDD-C022F149C355}.Debug|Any CPU.Build.0 = Debug|Any CPU
		{6D23DE23-3FBA-4FEF-ABDD-C022F149C355}.Release|Any CPU.ActiveCfg = Release|Any CPU
		{6D23DE23-3FBA-4FEF-ABDD-C022F149C355}.Release|Any CPU.Build.0 = Release|Any CPU
		{A0EF9592-1653-4A8F-BFDB-955BA806B590}.Debug|Any CPU.ActiveCfg = Debug|Any CPU
		{A0EF9592-1653-4A8F-BFDB-955BA806B590}.Debug|Any CPU.Build.0 = Debug|Any CPU
		{A0EF9592-1653-4A8F-BFDB-955BA806B590}.Release|Any CPU.ActiveCfg = Release|Any CPU
		{A0EF9592-1653-4A8F-BFDB-955BA806B590}.Release|Any CPU.Build.0 = Release|Any CPU
		{82A13E90-F0A6-4A37-96A9-902D87FDF31A}.Debug|Any CPU.ActiveCfg = Debug|Any CPU
		{82A13E90-F0A6-4A37-96A9-902D87FDF31A}.Debug|Any CPU.Build.0 = Debug|Any CPU
		{82A13E90-F0A6-4A37-96A9-902D87FDF31A}.Release|Any CPU.ActiveCfg = Release|Any CPU
		{82A13E90-F0A6-4A37-96A9-902D87FDF31A}.Release|Any CPU.Build.0 = Release|Any CPU
		{55F6BA03-6CBC-4A34-8F33-E83062798441}.Debug|Any CPU.ActiveCfg = Debug|Any CPU
		{55F6BA03-6CBC-4A34-8F33-E83062798441}.Debug|Any CPU.Build.0 = Debug|Any CPU
		{55F6BA03-6CBC-4A34-8F33-E83062798441}.Release|Any CPU.ActiveCfg = Release|Any CPU
		{55F6BA03-6CBC-4A34-8F33-E83062798441}.Release|Any CPU.Build.0 = Release|Any CPU
		{0517B781-DC60-44F8-9B98-4C9A4654BDD4}.Debug|Any CPU.ActiveCfg = Debug|Any CPU
		{0517B781-DC60-44F8-9B98-4C9A4654BDD4}.Debug|Any CPU.Build.0 = Debug|Any CPU
		{0517B781-DC60-44F8-9B98-4C9A4654BDD4}.Release|Any CPU.ActiveCfg = Release|Any CPU
		{0517B781-DC60-44F8-9B98-4C9A4654BDD4}.Release|Any CPU.Build.0 = Release|Any CPU
		{47C8A4FD-6756-4474-870B-BD6921163C0B}.Debug|Any CPU.ActiveCfg = Debug|Any CPU
		{47C8A4FD-6756-4474-870B-BD6921163C0B}.Debug|Any CPU.Build.0 = Debug|Any CPU
		{47C8A4FD-6756-4474-870B-BD6921163C0B}.Release|Any CPU.ActiveCfg = Release|Any CPU
		{47C8A4FD-6756-4474-870B-BD6921163C0B}.Release|Any CPU.Build.0 = Release|Any CPU
		{202EB507-C7AB-49F2-B048-73267E7BBEC2}.Debug|Any CPU.ActiveCfg = Debug|Any CPU
		{202EB507-C7AB-49F2-B048-73267E7BBEC2}.Debug|Any CPU.Build.0 = Debug|Any CPU
		{202EB507-C7AB-49F2-B048-73267E7BBEC2}.Release|Any CPU.ActiveCfg = Release|Any CPU
		{202EB507-C7AB-49F2-B048-73267E7BBEC2}.Release|Any CPU.Build.0 = Release|Any CPU
		{B35C3E62-552B-470D-9471-5B823A1B7831}.Debug|Any CPU.ActiveCfg = Debug|Any CPU
		{B35C3E62-552B-470D-9471-5B823A1B7831}.Debug|Any CPU.Build.0 = Debug|Any CPU
		{B35C3E62-552B-470D-9471-5B823A1B7831}.Release|Any CPU.ActiveCfg = Release|Any CPU
		{B35C3E62-552B-470D-9471-5B823A1B7831}.Release|Any CPU.Build.0 = Release|Any CPU
		{9617FEB8-2160-4D3A-B157-2D97EF3B2F56}.Debug|Any CPU.ActiveCfg = Debug|Any CPU
		{9617FEB8-2160-4D3A-B157-2D97EF3B2F56}.Debug|Any CPU.Build.0 = Debug|Any CPU
		{9617FEB8-2160-4D3A-B157-2D97EF3B2F56}.Release|Any CPU.ActiveCfg = Release|Any CPU
		{9617FEB8-2160-4D3A-B157-2D97EF3B2F56}.Release|Any CPU.Build.0 = Release|Any CPU
		{D934E764-94AB-412B-93B5-3C2E3A40E898}.Debug|Any CPU.ActiveCfg = Debug|Any CPU
		{D934E764-94AB-412B-93B5-3C2E3A40E898}.Debug|Any CPU.Build.0 = Debug|Any CPU
		{D934E764-94AB-412B-93B5-3C2E3A40E898}.Release|Any CPU.ActiveCfg = Release|Any CPU
		{D934E764-94AB-412B-93B5-3C2E3A40E898}.Release|Any CPU.Build.0 = Release|Any CPU
		{D28B965D-73AB-4905-AB37-63AF2CB99567}.Debug|Any CPU.ActiveCfg = Debug|Any CPU
		{D28B965D-73AB-4905-AB37-63AF2CB99567}.Debug|Any CPU.Build.0 = Debug|Any CPU
		{D28B965D-73AB-4905-AB37-63AF2CB99567}.Release|Any CPU.ActiveCfg = Release|Any CPU
		{D28B965D-73AB-4905-AB37-63AF2CB99567}.Release|Any CPU.Build.0 = Release|Any CPU
		{4747A117-C17E-4642-9934-2FF3D7CCBEBA}.Debug|Any CPU.ActiveCfg = Debug|Any CPU
		{4747A117-C17E-4642-9934-2FF3D7CCBEBA}.Debug|Any CPU.Build.0 = Debug|Any CPU
		{4747A117-C17E-4642-9934-2FF3D7CCBEBA}.Release|Any CPU.ActiveCfg = Release|Any CPU
		{4747A117-C17E-4642-9934-2FF3D7CCBEBA}.Release|Any CPU.Build.0 = Release|Any CPU
		{E4D497A0-3925-43F7-9B5F-A67FA65BABC4}.Debug|Any CPU.ActiveCfg = Debug|Any CPU
		{E4D497A0-3925-43F7-9B5F-A67FA65BABC4}.Debug|Any CPU.Build.0 = Debug|Any CPU
		{E4D497A0-3925-43F7-9B5F-A67FA65BABC4}.Release|Any CPU.ActiveCfg = Release|Any CPU
		{E4D497A0-3925-43F7-9B5F-A67FA65BABC4}.Release|Any CPU.Build.0 = Release|Any CPU
		{8BD68C7A-F83A-4D40-A59F-13C1650A05B6}.Debug|Any CPU.ActiveCfg = Debug|Any CPU
		{8BD68C7A-F83A-4D40-A59F-13C1650A05B6}.Debug|Any CPU.Build.0 = Debug|Any CPU
		{8BD68C7A-F83A-4D40-A59F-13C1650A05B6}.Release|Any CPU.ActiveCfg = Release|Any CPU
		{8BD68C7A-F83A-4D40-A59F-13C1650A05B6}.Release|Any CPU.Build.0 = Release|Any CPU
	EndGlobalSection
	GlobalSection(SolutionProperties) = preSolution
		HideSolutionNode = FALSE
	EndGlobalSection
	GlobalSection(NestedProjects) = preSolution
		{38D1A086-2A5D-4654-B465-04C662DDEA1A} = {318B773B-F7D6-4003-A92A-96E5E97A5C32}
		{1A039171-DE86-4DCE-8D47-8626666004E3} = {1F650DE4-C5CB-4208-AE86-12C18C0C00F7}
		{71DD068D-41A9-4084-8808-5190BB4D1AC0} = {73BEA53A-145A-4C04-A615-839C73C97755}
		{7432DA0D-73B2-45F8-B6D8-2FF7423DB6BA} = {0F6FD2BA-85B0-4ABA-A3F9-A4F6BE4808B1}
		{6A4CA971-D78F-48A7-84A0-81B7ADC92AFE} = {0F6FD2BA-85B0-4ABA-A3F9-A4F6BE4808B1}
		{43E1CB25-89F2-4257-B95D-D2CFDA7CA472} = {73BEA53A-145A-4C04-A615-839C73C97755}
		{F270AF92-0177-4596-9ECD-BE34A16F916F} = {48B33FC6-19DD-4237-8524-09D1ED77F692}
		{E2D9578A-4597-40A3-8E4F-DCAB03733114} = {73BEA53A-145A-4C04-A615-839C73C97755}
		{FF5ECF20-7A50-4950-B911-0D0C9386A008} = {BF9972ED-AFAC-4E39-9AAD-89F46338CED1}
		{6D23DE23-3FBA-4FEF-ABDD-C022F149C355} = {BF9972ED-AFAC-4E39-9AAD-89F46338CED1}
		{A0EF9592-1653-4A8F-BFDB-955BA806B590} = {BF9972ED-AFAC-4E39-9AAD-89F46338CED1}
		{82A13E90-F0A6-4A37-96A9-902D87FDF31A} = {06D69571-67BA-449E-997A-B098419523EC}
		{55F6BA03-6CBC-4A34-8F33-E83062798441} = {BF9972ED-AFAC-4E39-9AAD-89F46338CED1}
		{0517B781-DC60-44F8-9B98-4C9A4654BDD4} = {5B7A4E65-54D1-4503-A426-DDA771085FC1}
		{47C8A4FD-6756-4474-870B-BD6921163C0B} = {5B7A4E65-54D1-4503-A426-DDA771085FC1}
		{202EB507-C7AB-49F2-B048-73267E7BBEC2} = {5B7A4E65-54D1-4503-A426-DDA771085FC1}
		{B35C3E62-552B-470D-9471-5B823A1B7831} = {5B7A4E65-54D1-4503-A426-DDA771085FC1}
		{9617FEB8-2160-4D3A-B157-2D97EF3B2F56} = {BF9972ED-AFAC-4E39-9AAD-89F46338CED1}
		{D934E764-94AB-412B-93B5-3C2E3A40E898} = {06D69571-67BA-449E-997A-B098419523EC}
		{D28B965D-73AB-4905-AB37-63AF2CB99567} = {06D69571-67BA-449E-997A-B098419523EC}
		{5B7A4E65-54D1-4503-A426-DDA771085FC1} = {911DCB3B-CEFA-4894-B075-432342C05405}
		{911DCB3B-CEFA-4894-B075-432342C05405} = {955F3700-AC87-456C-B645-3F9451EAFA57}
		{318B773B-F7D6-4003-A92A-96E5E97A5C32} = {911DCB3B-CEFA-4894-B075-432342C05405}
		{1F650DE4-C5CB-4208-AE86-12C18C0C00F7} = {911DCB3B-CEFA-4894-B075-432342C05405}
		{37254007-E34E-4AC6-B17D-F0FC060F196D} = {955F3700-AC87-456C-B645-3F9451EAFA57}
		{73BEA53A-145A-4C04-A615-839C73C97755} = {37254007-E34E-4AC6-B17D-F0FC060F196D}
		{48B33FC6-19DD-4237-8524-09D1ED77F692} = {37254007-E34E-4AC6-B17D-F0FC060F196D}
	EndGlobalSection
	GlobalSection(ExtensibilityGlobals) = postSolution
		SolutionGuid = {AB937E37-4C08-4EB0-86F7-87F74A7F6C44}
	EndGlobalSection
EndGlobal
